{
  "nodes": {
    "mihomo-manager-mihomo-mixin": {
      "inputs": {
        "nixpkgs": "nixpkgs"
      },
      "locked": {
        "lastModified": 1789909953,
        "narHash": "sha256-MiiNWpcVocQoeyjhtLg8s4yRv8ddrfsKbYudYLdKh9s=",
        "owner": "MihomoManager",
        "repo": "MihomoManager.MihomoMixin-Nix",
        "rev": "42286f24f0bace460543ef52666efb4c1886315e",
        "type": "github"
      },
      "original": {
        "owner": "MihomoManager",
        "repo": "MihomoManager.MihomoMixin-Nix",
        "type": "github"
      }
    },
    "nixpkgs": {
      "locked": {
        "lastModified": 1789546076,
        "narHash": "sha256-zVxLZiSnmaaPLwnhj7pwmqe3axBg/C6nG5JZsJMh2g4=",
        "owner": "NixOS",
        "repo": "nixpkgs",
        "rev": "b1b875982b17dabde9b4a37f3e229e74913e6db3",
        "type": "github"
      },
      "original": {
        "owner": "NixOS",
        "ref": "nixos-unstable",
        "repo": "nixpkgs",
        "type": "github"
      }
    },
    "nixpkgs_2": {
      "locked": {
        "lastModified": 1789546076,
        "narHash": "sha256-zVxLZiSnmaaPLwnhj7pwmqe3axBg/C6nG5JZsJMh2g4=",
        "owner": "NixOS",
        "repo": "nixpkgs",
        "rev": "b1b875982b17dabde9b4a37f3e229e74913e6db3",
        "type": "github"
      },
      "original": {
        "owner": "NixOS",
        "ref": "nixos-unstable",
        "repo": "nixpkgs",
        "type": "github"
      }
    },
    "root": {
      "inputs": {
        "mihomo-manager-mihomo-mixin": "mihomo-manager-mihomo-mixin",
        "sub-nix": "sub-nix"
      }
    },
    "sub-nix": {
      "inputs": {
        "nixpkgs": "nixpkgs_2"
      },
      "locked": {
        "lastModified": 1789828793,
        "narHash": "sha256-VMhhBM/M215oBwo/xBJhdk2zXi5r4r1BkJE2b6CMmlA=",
        "owner": "yueyinqiu",
        "repo": "SubNix",
        "rev": "9b0323c766800a010be29d422bde2e50b7fcfdce",
        "type": "github"
      },
      "original": {
        "owner": "yueyinqiu",
        "repo": "SubNix",
        "type": "github"
      }
    }
  },
  "root": "root",
  "version": 7
}
