{
  "nodes": {
    "mihomo-manager-mihomo-mixin": {
      "inputs": {
        "nixpkgs": "nixpkgs"
      },
      "locked": {
        "lastModified": 1789739359,
        "narHash": "sha256-6nSirTM6g05RtRmiajDKSHK2KQWdroOVLCFd++l3h9g=",
        "owner": "MihomoManager",
        "repo": "MihomoManager.MihomoMixin-Nix",
        "rev": "daa6735c1defd03bd8d4377577c24f4a777bf29e",
        "type": "github"
      },
      "original": {
        "owner": "MihomoManager",
        "repo": "MihomoManager.MihomoMixin-Nix",
        "type": "github"
      }
    },
    "nixpkgs": {
      "locked": {
        "lastModified": 1789546076,
        "narHash": "sha256-zVxLZiSnmaaPLwnhj7pwmqe3axBg/C6nG5JZsJMh2g4=",
        "owner": "NixOS",
        "repo": "nixpkgs",
        "rev": "b1b875982b17dabde9b4a37f3e229e74913e6db3",
        "type": "github"
      },
      "original": {
        "owner": "NixOS",
        "ref": "nixos-unstable",
        "repo": "nixpkgs",
        "type": "github"
      }
    },
    "nixpkgs_2": {
      "locked": {
        "lastModified": 1789546076,
        "narHash": "sha256-zVxLZiSnmaaPLwnhj7pwmqe3axBg/C6nG5JZsJMh2g4=",
        "owner": "NixOS",
        "repo": "nixpkgs",
        "rev": "b1b875982b17dabde9b4a37f3e229e74913e6db3",
        "type": "github"
      },
      "original": {
        "owner": "NixOS",
        "ref": "nixos-unstable",
        "repo": "nixpkgs",
        "type": "github"
      }
    },
    "root": {
      "inputs": {
        "mihomo-manager-mihomo-mixin": "mihomo-manager-mihomo-mixin",
        "sub-nix": "sub-nix"
      }
    },
    "sub-nix": {
      "inputs": {
        "nixpkgs": "nixpkgs_2"
      },
      "locked": {
        "lastModified": 1789732162,
        "narHash": "sha256-u6a9dg0wqftEMGIMRqNVJav+i7NezJgS/QC2Zt5o9FU=",
        "owner": "yueyinqiu",
        "repo": "SubNix",
        "rev": "92403706549e584a397d2ab448715a82da9432ff",
        "type": "github"
      },
      "original": {
        "owner": "yueyinqiu",
        "repo": "SubNix",
        "type": "github"
      }
    }
  },
  "root": "root",
  "version": 7
}
